
Microsoft Visual Studio Solution File, Format Version 12.00
# Visual Studio Version 17
VisualStudioVersion = 17.7.34031.279
MinimumVisualStudioVersion = 10.0.40219.1
Project("{2150E333-8FDC-42A3-9474-1A3956D46DE8}") = "src", "src", "{304D08C0-25E9-4A14-BF8A-317A79592BDA}"
EndProject
Project("{2150E333-8FDC-42A3-9474-1A3956D46DE8}") = "test", "test", "{2348DE3C-61CB-442B-87CB-ABCD7282AB22}"
EndProject
Project("{FAE04EC0-301F-11D3-BF4B-00C04F79EFBC}") = "Scrapify.ConsoleApp", "Scrapify.ConsoleApp\Scrapify.ConsoleApp.csproj", "{D1A881B9-EF42-475E-AB23-066D76061DC6}"
EndProject
Project("{FAE04EC0-301F-11D3-BF4B-00C04F79EFBC}") = "Scrapify.Core", "Scrapify.Core\Scrapify.Core.csproj", "{94348EC9-BA8D-41B0-BCFF-F976D8AD6A02}"
EndProject
Project("{2150E333-8FDC-42A3-9474-1A3956D46DE8}") = "Solution Items", "Solution Items", "{88C30E78-379B-43B6-9FD6-70D3FC23D074}"
	ProjectSection(SolutionItems) = preProject
		.gitattributes = .gitattributes
		.gitignore = .gitignore
		README.md = README.md
	EndProjectSection
EndProject
Project("{FAE04EC0-301F-11D3-BF4B-00C04F79EFBC}") = "Scrapify.UnitTests", "Scrapify.UnitTests\Scrapify.UnitTests.csproj", "{60831C68-1987-4DE1-A7AC-065D6E4318F8}"
EndProject
Global
	GlobalSection(SolutionConfigurationPlatforms) = preSolution
		Debug|Any CPU = Debug|Any CPU
		Release|Any CPU = Release|Any CPU
	EndGlobalSection
	GlobalSection(ProjectConfigurationPlatforms) = postSolution
		{D1A881B9-EF42-475E-AB23-066D76061DC6}.Debug|Any CPU.ActiveCfg = Debug|Any CPU
		{D1A881B9-EF42-475E-AB23-066D76061DC6}.Debug|Any CPU.Build.0 = Debug|Any CPU
		{D1A881B9-EF42-475E-AB23-066D76061DC6}.Release|Any CPU.ActiveCfg = Release|Any CPU
		{D1A881B9-EF42-475E-AB23-066D76061DC6}.Release|Any CPU.Build.0 = Release|Any CPU
		{94348EC9-BA8D-41B0-BCFF-F976D8AD6A02}.Debug|Any CPU.ActiveCfg = Debug|Any CPU
		{94348EC9-BA8D-41B0-BCFF-F976D8AD6A02}.Debug|Any CPU.Build.0 = Debug|Any CPU
		{94348EC9-BA8D-41B0-BCFF-F976D8AD6A02}.Release|Any CPU.ActiveCfg = Release|Any CPU
		{94348EC9-BA8D-41B0-BCFF-F976D8AD6A02}.Release|Any CPU.Build.0 = Release|Any CPU
		{60831C68-1987-4DE1-A7AC-065D6E4318F8}.Debug|Any CPU.ActiveCfg = Debug|Any CPU
		{60831C68-1987-4DE1-A7AC-065D6E4318F8}.Debug|Any CPU.Build.0 = Debug|Any CPU
		{60831C68-1987-4DE1-A7AC-065D6E4318F8}.Release|Any CPU.ActiveCfg = Release|Any CPU
		{60831C68-1987-4DE1-A7AC-065D6E4318F8}.Release|Any CPU.Build.0 = Release|Any CPU
	EndGlobalSection
	GlobalSection(SolutionProperties) = preSolution
		HideSolutionNode = FALSE
	EndGlobalSection
	GlobalSection(NestedProjects) = preSolution
		{D1A881B9-EF42-475E-AB23-066D76061DC6} = {304D08C0-25E9-4A14-BF8A-317A79592BDA}
		{94348EC9-BA8D-41B0-BCFF-F976D8AD6A02} = {304D08C0-25E9-4A14-BF8A-317A79592BDA}
		{60831C68-1987-4DE1-A7AC-065D6E4318F8} = {2348DE3C-61CB-442B-87CB-ABCD7282AB22}
	EndGlobalSection
	GlobalSection(ExtensibilityGlobals) = postSolution
		SolutionGuid = {2D079D5F-4FA4-4EFD-B5AD-38358FB0019C}
	EndGlobalSection
EndGlobal
